
Microsoft Visual Studio Solution File, Format Version 12.00
# Visual Studio 14
VisualStudioVersion = 14.0.23107.0
MinimumVisualStudioVersion = 10.0.40219.1
Project("{FAE04EC0-301F-11D3-BF4B-00C04F79EFBC}") = "MS", "MS\MS.csproj", "{C2AA92EF-1C66-4100-B17B-613EA7CB7BCC}"
EndProject
Project("{FAE04EC0-301F-11D3-BF4B-00C04F79EFBC}") = "reWZ", "..\Deps\ms-reWZ-master\reWZ.csproj", "{85F7FE6D-63AC-44A1-83D2-CE5204E7535E}"
EndProject
Global
	GlobalSection(SolutionConfigurationPlatforms) = preSolution
		Debug|Any CPU = Debug|Any CPU
		Debug|x86 = Debug|x86
		Release|Any CPU = Release|Any CPU
		Release|x86 = Release|x86
	EndGlobalSection
	GlobalSection(ProjectConfigurationPlatforms) = postSolution
		{C2AA92EF-1C66-4100-B17B-613EA7CB7BCC}.Debug|Any CPU.ActiveCfg = Debug|x86
		{C2AA92EF-1C66-4100-B17B-613EA7CB7BCC}.Debug|x86.ActiveCfg = Debug|x86
		{C2AA92EF-1C66-4100-B17B-613EA7CB7BCC}.Debug|x86.Build.0 = Debug|x86
		{C2AA92EF-1C66-4100-B17B-613EA7CB7BCC}.Release|Any CPU.ActiveCfg = Release|x86
		{C2AA92EF-1C66-4100-B17B-613EA7CB7BCC}.Release|x86.ActiveCfg = Release|x86
		{C2AA92EF-1C66-4100-B17B-613EA7CB7BCC}.Release|x86.Build.0 = Release|x86
		{85F7FE6D-63AC-44A1-83D2-CE5204E7535E}.Debug|Any CPU.ActiveCfg = Debug|Any CPU
		{85F7FE6D-63AC-44A1-83D2-CE5204E7535E}.Debug|Any CPU.Build.0 = Debug|Any CPU
		{85F7FE6D-63AC-44A1-83D2-CE5204E7535E}.Debug|x86.ActiveCfg = Debug|Any CPU
		{85F7FE6D-63AC-44A1-83D2-CE5204E7535E}.Debug|x86.Build.0 = Debug|Any CPU
		{85F7FE6D-63AC-44A1-83D2-CE5204E7535E}.Release|Any CPU.ActiveCfg = Release|Any CPU
		{85F7FE6D-63AC-44A1-83D2-CE5204E7535E}.Release|Any CPU.Build.0 = Release|Any CPU
		{85F7FE6D-63AC-44A1-83D2-CE5204E7535E}.Release|x86.ActiveCfg = Release|Any CPU
		{85F7FE6D-63AC-44A1-83D2-CE5204E7535E}.Release|x86.Build.0 = Release|Any CPU
	EndGlobalSection
	GlobalSection(SolutionProperties) = preSolution
		HideSolutionNode = FALSE
	EndGlobalSection
EndGlobal
